
Microsoft Visual Studio Solution File, Format Version 12.00
# Visual Studio Version 17
VisualStudioVersion = 17.10.35013.160
MinimumVisualStudioVersion = 10.0.40219.1
Project("{9A19103F-16F7-4668-BE54-9A1E7A4F7556}") = "TrainingPlataform", "TrainingPlataform\TrainingPlataform.csproj", "{0E0394D1-91E8-4AC3-8C81-554B2D2BFD60}"
EndProject
Project("{2150E333-8FDC-42A3-9474-1A3956D46DE8}") = "0-Tests", "0-Tests", "{490F49E9-3549-44CE-BCE7-1520F396360C}"
EndProject
Project("{2150E333-8FDC-42A3-9474-1A3956D46DE8}") = "1-Web", "1-Web", "{B7EE9FF5-6750-4B51-B534-9D306AB24721}"
EndProject
Project("{2150E333-8FDC-42A3-9474-1A3956D46DE8}") = "2-Application", "2-Application", "{E965E6DC-68F6-49FD-8E11-BDA1218ED084}"
EndProject
Project("{2150E333-8FDC-42A3-9474-1A3956D46DE8}") = "3-Domain", "3-Domain", "{36EE6538-E625-4823-8ABC-1A9A5AB4CE1B}"
EndProject
Project("{2150E333-8FDC-42A3-9474-1A3956D46DE8}") = "4-Infra", "4-Infra", "{BA7FB513-5537-4763-902D-56AAF0C3511C}"
EndProject
Project("{9A19103F-16F7-4668-BE54-9A1E7A4F7556}") = "Training.Application", "Training.Application\Training.Application.csproj", "{504D2B52-EAA1-4385-B357-50506B6FF28A}"
EndProject
Project("{9A19103F-16F7-4668-BE54-9A1E7A4F7556}") = "Training.Domain", "Training.Domain\Training.Domain.csproj", "{EEC3EEB8-325F-4E67-96B6-3272C3A7CC2F}"
EndProject
Project("{2150E333-8FDC-42A3-9474-1A3956D46DE8}") = "4.1-Data", "4.1-Data", "{FFB8F8B1-89BD-4DF0-90B6-15232F8BD442}"
EndProject
Project("{2150E333-8FDC-42A3-9474-1A3956D46DE8}") = "4.2CrossCutting", "4.2CrossCutting", "{6BD46190-6175-4A96-BCD5-551691581708}"
EndProject
Project("{9A19103F-16F7-4668-BE54-9A1E7A4F7556}") = "Training.Data", "Training.Data\Training.Data.csproj", "{2AEBFC32-D117-46DA-9E95-1BE1C67CEAAF}"
EndProject
Project("{9A19103F-16F7-4668-BE54-9A1E7A4F7556}") = "Training.IoC", "Training.IoC\Training.IoC.csproj", "{B5B8D13C-5E91-4F15-B7AD-B018B0B342B5}"
EndProject
Project("{9A19103F-16F7-4668-BE54-9A1E7A4F7556}") = "Training.Swagger", "Training.Swagger\Training.Swagger.csproj", "{47D33A5A-2D17-4790-B262-56C9BAF7F8CA}"
EndProject
Project("{9A19103F-16F7-4668-BE54-9A1E7A4F7556}") = "Training.Security", "Training.Security\Training.Security.csproj", "{EDC23BC4-8D01-4C50-806B-2F70A54C2708}"
EndProject
Project("{9A19103F-16F7-4668-BE54-9A1E7A4F7556}") = "Training.Auth", "Training.Auth\Training.Auth.csproj", "{85752B0F-4F23-4344-BD3F-F2D279F8FAA8}"
EndProject
Project("{9A19103F-16F7-4668-BE54-9A1E7A4F7556}") = "Training.ExceptionHandler", "ExceptionHandler\Training.ExceptionHandler.csproj", "{10C9C306-7CBB-4EAA-80E3-5CCAA949E254}"
EndProject
Global
	GlobalSection(SolutionConfigurationPlatforms) = preSolution
		Debug|Any CPU = Debug|Any CPU
		Release|Any CPU = Release|Any CPU
	EndGlobalSection
	GlobalSection(ProjectConfigurationPlatforms) = postSolution
		{0E0394D1-91E8-4AC3-8C81-554B2D2BFD60}.Debug|Any CPU.ActiveCfg = Debug|Any CPU
		{0E0394D1-91E8-4AC3-8C81-554B2D2BFD60}.Debug|Any CPU.Build.0 = Debug|Any CPU
		{0E0394D1-91E8-4AC3-8C81-554B2D2BFD60}.Release|Any CPU.ActiveCfg = Release|Any CPU
		{0E0394D1-91E8-4AC3-8C81-554B2D2BFD60}.Release|Any CPU.Build.0 = Release|Any CPU
		{504D2B52-EAA1-4385-B357-50506B6FF28A}.Debug|Any CPU.ActiveCfg = Debug|Any CPU
		{504D2B52-EAA1-4385-B357-50506B6FF28A}.Debug|Any CPU.Build.0 = Debug|Any CPU
		{504D2B52-EAA1-4385-B357-50506B6FF28A}.Release|Any CPU.ActiveCfg = Release|Any CPU
		{504D2B52-EAA1-4385-B357-50506B6FF28A}.Release|Any CPU.Build.0 = Release|Any CPU
		{EEC3EEB8-325F-4E67-96B6-3272C3A7CC2F}.Debug|Any CPU.ActiveCfg = Debug|Any CPU
		{EEC3EEB8-325F-4E67-96B6-3272C3A7CC2F}.Debug|Any CPU.Build.0 = Debug|Any CPU
		{EEC3EEB8-325F-4E67-96B6-3272C3A7CC2F}.Release|Any CPU.ActiveCfg = Release|Any CPU
		{EEC3EEB8-325F-4E67-96B6-3272C3A7CC2F}.Release|Any CPU.Build.0 = Release|Any CPU
		{2AEBFC32-D117-46DA-9E95-1BE1C67CEAAF}.Debug|Any CPU.ActiveCfg = Debug|Any CPU
		{2AEBFC32-D117-46DA-9E95-1BE1C67CEAAF}.Debug|Any CPU.Build.0 = Debug|Any CPU
		{2AEBFC32-D117-46DA-9E95-1BE1C67CEAAF}.Release|Any CPU.ActiveCfg = Release|Any CPU
		{2AEBFC32-D117-46DA-9E95-1BE1C67CEAAF}.Release|Any CPU.Build.0 = Release|Any CPU
		{B5B8D13C-5E91-4F15-B7AD-B018B0B342B5}.Debug|Any CPU.ActiveCfg = Debug|Any CPU
		{B5B8D13C-5E91-4F15-B7AD-B018B0B342B5}.Debug|Any CPU.Build.0 = Debug|Any CPU
		{B5B8D13C-5E91-4F15-B7AD-B018B0B342B5}.Release|Any CPU.ActiveCfg = Release|Any CPU
		{B5B8D13C-5E91-4F15-B7AD-B018B0B342B5}.Release|Any CPU.Build.0 = Release|Any CPU
		{47D33A5A-2D17-4790-B262-56C9BAF7F8CA}.Debug|Any CPU.ActiveCfg = Debug|Any CPU
		{47D33A5A-2D17-4790-B262-56C9BAF7F8CA}.Debug|Any CPU.Build.0 = Debug|Any CPU
		{47D33A5A-2D17-4790-B262-56C9BAF7F8CA}.Release|Any CPU.ActiveCfg = Release|Any CPU
		{47D33A5A-2D17-4790-B262-56C9BAF7F8CA}.Release|Any CPU.Build.0 = Release|Any CPU
		{EDC23BC4-8D01-4C50-806B-2F70A54C2708}.Debug|Any CPU.ActiveCfg = Debug|Any CPU
		{EDC23BC4-8D01-4C50-806B-2F70A54C2708}.Debug|Any CPU.Build.0 = Debug|Any CPU
		{EDC23BC4-8D01-4C50-806B-2F70A54C2708}.Release|Any CPU.ActiveCfg = Release|Any CPU
		{EDC23BC4-8D01-4C50-806B-2F70A54C2708}.Release|Any CPU.Build.0 = Release|Any CPU
		{85752B0F-4F23-4344-BD3F-F2D279F8FAA8}.Debug|Any CPU.ActiveCfg = Debug|Any CPU
		{85752B0F-4F23-4344-BD3F-F2D279F8FAA8}.Debug|Any CPU.Build.0 = Debug|Any CPU
		{85752B0F-4F23-4344-BD3F-F2D279F8FAA8}.Release|Any CPU.ActiveCfg = Release|Any CPU
		{85752B0F-4F23-4344-BD3F-F2D279F8FAA8}.Release|Any CPU.Build.0 = Release|Any CPU
		{10C9C306-7CBB-4EAA-80E3-5CCAA949E254}.Debug|Any CPU.ActiveCfg = Debug|Any CPU
		{10C9C306-7CBB-4EAA-80E3-5CCAA949E254}.Debug|Any CPU.Build.0 = Debug|Any CPU
		{10C9C306-7CBB-4EAA-80E3-5CCAA949E254}.Release|Any CPU.ActiveCfg = Release|Any CPU
		{10C9C306-7CBB-4EAA-80E3-5CCAA949E254}.Release|Any CPU.Build.0 = Release|Any CPU
	EndGlobalSection
	GlobalSection(SolutionProperties) = preSolution
		HideSolutionNode = FALSE
	EndGlobalSection
	GlobalSection(NestedProjects) = preSolution
		{0E0394D1-91E8-4AC3-8C81-554B2D2BFD60} = {B7EE9FF5-6750-4B51-B534-9D306AB24721}
		{504D2B52-EAA1-4385-B357-50506B6FF28A} = {E965E6DC-68F6-49FD-8E11-BDA1218ED084}
		{EEC3EEB8-325F-4E67-96B6-3272C3A7CC2F} = {36EE6538-E625-4823-8ABC-1A9A5AB4CE1B}
		{FFB8F8B1-89BD-4DF0-90B6-15232F8BD442} = {BA7FB513-5537-4763-902D-56AAF0C3511C}
		{6BD46190-6175-4A96-BCD5-551691581708} = {BA7FB513-5537-4763-902D-56AAF0C3511C}
		{2AEBFC32-D117-46DA-9E95-1BE1C67CEAAF} = {FFB8F8B1-89BD-4DF0-90B6-15232F8BD442}
		{B5B8D13C-5E91-4F15-B7AD-B018B0B342B5} = {6BD46190-6175-4A96-BCD5-551691581708}
		{47D33A5A-2D17-4790-B262-56C9BAF7F8CA} = {6BD46190-6175-4A96-BCD5-551691581708}
		{EDC23BC4-8D01-4C50-806B-2F70A54C2708} = {6BD46190-6175-4A96-BCD5-551691581708}
		{85752B0F-4F23-4344-BD3F-F2D279F8FAA8} = {6BD46190-6175-4A96-BCD5-551691581708}
		{10C9C306-7CBB-4EAA-80E3-5CCAA949E254} = {6BD46190-6175-4A96-BCD5-551691581708}
	EndGlobalSection
	GlobalSection(ExtensibilityGlobals) = postSolution
		SolutionGuid = {68F53BAF-D36F-4A5B-BBE6-290F34DF21B2}
	EndGlobalSection
EndGlobal
